
Microsoft Visual Studio Solution File, Format Version 12.00
# Visual Studio 2012
Project("{2150E333-8FDC-42A3-9474-1A3956D46DE8}") = "Licenses", "Licenses", "{AB2FC350-3CC5-4122-AE8D-FAD9A5E5F108}"
	ProjectSection(SolutionItems) = preProject
		Microsoft.Public.license.txt = Microsoft.Public.license.txt
		license.txt = license.txt
		log4net.license.txt = log4net.license.txt
	EndProjectSection
EndProject
Project("{FAE04EC0-301F-11D3-BF4B-00C04F79EFBC}") = "Hexa.Core", "Hexa.Core\Hexa.Core.csproj", "{F25CB899-7469-4870-82C8-939989F60322}"
EndProject
Project("{FAE04EC0-301F-11D3-BF4B-00C04F79EFBC}") = "Hexa.Core.Tests", "Hexa.Core.Tests\Hexa.Core.Tests.csproj", "{FFD9A4C4-1A38-4FB5-BEEA-1E34D8E3424D}"
EndProject
Project("{FAE04EC0-301F-11D3-BF4B-00C04F79EFBC}") = "Hexa.Core.NHibernate", "Hexa.Core.NHibernate\Hexa.Core.NHibernate.csproj", "{E510BBA8-BE1B-4A2D-9A44-5928E0D89AC0}"
EndProject
Project("{2150E333-8FDC-42A3-9474-1A3956D46DE8}") = "Solution Items", "Solution Items", "{A97AC9F6-5CF5-4B28-B383-6919556AC143}"
	ProjectSection(SolutionItems) = preProject
		BuildAndTest.With.Metrics.bat = BuildAndTest.With.Metrics.bat
		BuildAndTest.With.Metrics.msbuild = BuildAndTest.With.Metrics.msbuild
		BuildAndTest.bat = BuildAndTest.bat
		BuildAndTest.msbuild = BuildAndTest.msbuild
		CodeAnalysisDictionary.xml = CodeAnalysisDictionary.xml
		CommonAssemblyInfo.cs = CommonAssemblyInfo.cs
		CopyFirebird.targets = CopyFirebird.targets
		Doxyfile = Doxyfile
		Hexa.Core.snk = Hexa.Core.snk
		README = README
	EndProjectSection
EndProject
Project("{FAE04EC0-301F-11D3-BF4B-00C04F79EFBC}") = "Hexa.Core.RavenDb", "Hexa.Core.RavenDb\Hexa.Core.RavenDb.csproj", "{AFE8EC1A-4EEF-40E1-B89C-4F07CAFE666F}"
EndProject
Global
	GlobalSection(SubversionScc) = preSolution
		Manager = AnkhSVN - Subversion Support for Visual Studio
		Svn-Managed = True
	EndGlobalSection
	GlobalSection(SolutionConfigurationPlatforms) = preSolution
		Debug|Any CPU = Debug|Any CPU
		Debug|x64 = Debug|x64
		Debug|x86 = Debug|x86
		Release|Any CPU = Release|Any CPU
		Release|x64 = Release|x64
		Release|x86 = Release|x86
	EndGlobalSection
	GlobalSection(ProjectConfigurationPlatforms) = postSolution
		{AFE8EC1A-4EEF-40E1-B89C-4F07CAFE666F}.Debug|Any CPU.ActiveCfg = Debug|Any CPU
		{AFE8EC1A-4EEF-40E1-B89C-4F07CAFE666F}.Debug|Any CPU.Build.0 = Debug|Any CPU
		{AFE8EC1A-4EEF-40E1-B89C-4F07CAFE666F}.Debug|x64.ActiveCfg = Debug|x64
		{AFE8EC1A-4EEF-40E1-B89C-4F07CAFE666F}.Debug|x64.Build.0 = Debug|x64
		{AFE8EC1A-4EEF-40E1-B89C-4F07CAFE666F}.Debug|x86.ActiveCfg = Debug|x86
		{AFE8EC1A-4EEF-40E1-B89C-4F07CAFE666F}.Debug|x86.Build.0 = Debug|x86
		{AFE8EC1A-4EEF-40E1-B89C-4F07CAFE666F}.Release|Any CPU.ActiveCfg = Release|Any CPU
		{AFE8EC1A-4EEF-40E1-B89C-4F07CAFE666F}.Release|Any CPU.Build.0 = Release|Any CPU
		{AFE8EC1A-4EEF-40E1-B89C-4F07CAFE666F}.Release|x64.ActiveCfg = Release|x64
		{AFE8EC1A-4EEF-40E1-B89C-4F07CAFE666F}.Release|x64.Build.0 = Release|x64
		{AFE8EC1A-4EEF-40E1-B89C-4F07CAFE666F}.Release|x86.ActiveCfg = Release|x86
		{AFE8EC1A-4EEF-40E1-B89C-4F07CAFE666F}.Release|x86.Build.0 = Release|x86
		{E510BBA8-BE1B-4A2D-9A44-5928E0D89AC0}.Debug|Any CPU.ActiveCfg = Debug|Any CPU
		{E510BBA8-BE1B-4A2D-9A44-5928E0D89AC0}.Debug|Any CPU.Build.0 = Debug|Any CPU
		{E510BBA8-BE1B-4A2D-9A44-5928E0D89AC0}.Debug|x64.ActiveCfg = Debug|x64
		{E510BBA8-BE1B-4A2D-9A44-5928E0D89AC0}.Debug|x64.Build.0 = Debug|x64
		{E510BBA8-BE1B-4A2D-9A44-5928E0D89AC0}.Debug|x86.ActiveCfg = Debug|x86
		{E510BBA8-BE1B-4A2D-9A44-5928E0D89AC0}.Debug|x86.Build.0 = Debug|x86
		{E510BBA8-BE1B-4A2D-9A44-5928E0D89AC0}.Release|Any CPU.ActiveCfg = Release|Any CPU
		{E510BBA8-BE1B-4A2D-9A44-5928E0D89AC0}.Release|Any CPU.Build.0 = Release|Any CPU
		{E510BBA8-BE1B-4A2D-9A44-5928E0D89AC0}.Release|x64.ActiveCfg = Release|x64
		{E510BBA8-BE1B-4A2D-9A44-5928E0D89AC0}.Release|x64.Build.0 = Release|x64
		{E510BBA8-BE1B-4A2D-9A44-5928E0D89AC0}.Release|x86.ActiveCfg = Release|x86
		{E510BBA8-BE1B-4A2D-9A44-5928E0D89AC0}.Release|x86.Build.0 = Release|x86
		{F25CB899-7469-4870-82C8-939989F60322}.Debug|Any CPU.ActiveCfg = Debug|Any CPU
		{F25CB899-7469-4870-82C8-939989F60322}.Debug|Any CPU.Build.0 = Debug|Any CPU
		{F25CB899-7469-4870-82C8-939989F60322}.Debug|x64.ActiveCfg = Debug|x64
		{F25CB899-7469-4870-82C8-939989F60322}.Debug|x64.Build.0 = Debug|x64
		{F25CB899-7469-4870-82C8-939989F60322}.Debug|x86.ActiveCfg = Debug|x86
		{F25CB899-7469-4870-82C8-939989F60322}.Debug|x86.Build.0 = Debug|x86
		{F25CB899-7469-4870-82C8-939989F60322}.Release|Any CPU.ActiveCfg = Release|Any CPU
		{F25CB899-7469-4870-82C8-939989F60322}.Release|Any CPU.Build.0 = Release|Any CPU
		{F25CB899-7469-4870-82C8-939989F60322}.Release|x64.ActiveCfg = Release|x64
		{F25CB899-7469-4870-82C8-939989F60322}.Release|x64.Build.0 = Release|x64
		{F25CB899-7469-4870-82C8-939989F60322}.Release|x86.ActiveCfg = Release|x86
		{F25CB899-7469-4870-82C8-939989F60322}.Release|x86.Build.0 = Release|x86
		{FFD9A4C4-1A38-4FB5-BEEA-1E34D8E3424D}.Debug|Any CPU.ActiveCfg = Debug|Any CPU
		{FFD9A4C4-1A38-4FB5-BEEA-1E34D8E3424D}.Debug|Any CPU.Build.0 = Debug|Any CPU
		{FFD9A4C4-1A38-4FB5-BEEA-1E34D8E3424D}.Debug|x64.ActiveCfg = Debug|x64
		{FFD9A4C4-1A38-4FB5-BEEA-1E34D8E3424D}.Debug|x64.Build.0 = Debug|x64
		{FFD9A4C4-1A38-4FB5-BEEA-1E34D8E3424D}.Debug|x86.ActiveCfg = Debug|x86
		{FFD9A4C4-1A38-4FB5-BEEA-1E34D8E3424D}.Debug|x86.Build.0 = Debug|x86
		{FFD9A4C4-1A38-4FB5-BEEA-1E34D8E3424D}.Release|Any CPU.ActiveCfg = Release|Any CPU
		{FFD9A4C4-1A38-4FB5-BEEA-1E34D8E3424D}.Release|Any CPU.Build.0 = Release|Any CPU
		{FFD9A4C4-1A38-4FB5-BEEA-1E34D8E3424D}.Release|x64.ActiveCfg = Release|x64
		{FFD9A4C4-1A38-4FB5-BEEA-1E34D8E3424D}.Release|x64.Build.0 = Release|x64
		{FFD9A4C4-1A38-4FB5-BEEA-1E34D8E3424D}.Release|x86.ActiveCfg = Release|x86
		{FFD9A4C4-1A38-4FB5-BEEA-1E34D8E3424D}.Release|x86.Build.0 = Release|x86
	EndGlobalSection
	GlobalSection(SolutionProperties) = preSolution
		HideSolutionNode = FALSE
	EndGlobalSection
	GlobalSection(ExtensibilityGlobals) = postSolution
		IsWCSFSolution = True
		IsWCSFSolutionWAP = True
		RootNamespace = Cfm.Core.Web
	EndGlobalSection
	GlobalSection(MonoDevelopProperties) = preSolution
		StartupItem = Hexa.Core\Hexa.Core.csproj
	EndGlobalSection
EndGlobal
