
Microsoft Visual Studio Solution File, Format Version 12.00
# Visual Studio 2010
Project("{2150E333-8FDC-42A3-9474-1A3956D46DE8}") = "Licenses", "Licenses", "{AB2FC350-3CC5-4122-AE8D-FAD9A5E5F108}"
	ProjectSection(SolutionItems) = preProject
		licenses\license.txt = licenses\license.txt
	EndProjectSection
EndProject
Project("{FAE04EC0-301F-11D3-BF4B-00C04F79EFBC}") = "Hexa.Core", "Hexa.Core\Hexa.Core.csproj", "{F25CB899-7469-4870-82C8-939989F60322}"
EndProject
Project("{FAE04EC0-301F-11D3-BF4B-00C04F79EFBC}") = "Hexa.Core.Tests", "Hexa.Core.Tests\Hexa.Core.Tests.csproj", "{FFD9A4C4-1A38-4FB5-BEEA-1E34D8E3424D}"
EndProject
Project("{FAE04EC0-301F-11D3-BF4B-00C04F79EFBC}") = "Hexa.Core.NHibernate", "Hexa.Core.NHibernate\Hexa.Core.NHibernate.csproj", "{E510BBA8-BE1B-4A2D-9A44-5928E0D89AC0}"
EndProject
Project("{FAE04EC0-301F-11D3-BF4B-00C04F79EFBC}") = "Hexa.Core.RavenDb", "Hexa.Core.RavenDb\Hexa.Core.RavenDb.csproj", "{AFE8EC1A-4EEF-40E1-B89C-4F07CAFE666F}"
EndProject
Project("{2150E333-8FDC-42A3-9474-1A3956D46DE8}") = ".nuget", ".nuget", "{F9E5E5B9-F774-4B14-9FF0-7064C42EB3E5}"
	ProjectSection(SolutionItems) = preProject
		.nuget\Hexa.Core.NHibernate.nuspec = .nuget\Hexa.Core.NHibernate.nuspec
		.nuget\Hexa.Core.nuspec = .nuget\Hexa.Core.nuspec
		.nuget\Hexa.Core.Web.Mvc.nuspec = .nuget\Hexa.Core.Web.Mvc.nuspec
		.nuget\NuGet.Config = .nuget\NuGet.Config
		.nuget\NuGet.exe = .nuget\NuGet.exe
		.nuget\NuGet.targets = .nuget\NuGet.targets
	EndProjectSection
EndProject
Project("{2150E333-8FDC-42A3-9474-1A3956D46DE8}") = "Help", "Help", "{AD4DCD33-C941-4CC7-9AF5-95A488406A6A}"
	ProjectSection(SolutionItems) = preProject
		Doxyfile = Doxyfile
		README = README
	EndProjectSection
EndProject
Project("{FAE04EC0-301F-11D3-BF4B-00C04F79EFBC}") = "Hexa.Core.Web.Mvc", "Hexa.Core.Web.Mvc\Hexa.Core.Web.Mvc.csproj", "{16ECAB8D-D55F-48C1-91DC-6E817076F694}"
EndProject
Project("{FAE04EC0-301F-11D3-BF4B-00C04F79EFBC}") = "Hexa.Core.EntityFramework", "Hexa.Core.EntityFramework\Hexa.Core.EntityFramework.csproj", "{70F67902-1FBF-4E9B-AC25-E37BBEAD3D0B}"
EndProject
Project("{2150E333-8FDC-42A3-9474-1A3956D46DE8}") = ".build", ".build", "{4F194DD0-6849-49D3-8CF8-75300DA7936C}"
	ProjectSection(SolutionItems) = preProject
		Build.bat = Build.bat
		Build.msbuild = Build.msbuild
		Build.proj = Build.proj
		msbuild.targets\CodeAnalysisDictionary.xml = msbuild.targets\CodeAnalysisDictionary.xml
		msbuild.targets\CodeMetrics.targets = msbuild.targets\CodeMetrics.targets
		CommonAssemblyInfo.cs = CommonAssemblyInfo.cs
		msbuild.targets\CopyFirebird.targets = msbuild.targets\CopyFirebird.targets
		Hexa.Core.snk = Hexa.Core.snk
		.build\MSBuild.Community.Tasks.dll = .build\MSBuild.Community.Tasks.dll
		.build\MSBuild.Community.Tasks.targets = .build\MSBuild.Community.Tasks.targets
		msbuild.targets\NUnit.targets = msbuild.targets\NUnit.targets
		msbuild.targets\Settings.StyleCop = msbuild.targets\Settings.StyleCop
	EndProjectSection
EndProject
Project("{FAE04EC0-301F-11D3-BF4B-00C04F79EFBC}") = "Hexa.Core.Log4net", "Hexa.Core.Log4net\Hexa.Core.Log4net.csproj", "{5BD390A6-3DEA-4E44-A8FD-0942F6B4E188}"
EndProject
Global
	GlobalSection(SolutionConfigurationPlatforms) = preSolution
		Debug|Any CPU = Debug|Any CPU
		Release|Any CPU = Release|Any CPU
	EndGlobalSection
	GlobalSection(ProjectConfigurationPlatforms) = postSolution
		{F25CB899-7469-4870-82C8-939989F60322}.Debug|Any CPU.ActiveCfg = Debug|Any CPU
		{F25CB899-7469-4870-82C8-939989F60322}.Debug|Any CPU.Build.0 = Debug|Any CPU
		{F25CB899-7469-4870-82C8-939989F60322}.Release|Any CPU.ActiveCfg = Release|Any CPU
		{F25CB899-7469-4870-82C8-939989F60322}.Release|Any CPU.Build.0 = Release|Any CPU
		{FFD9A4C4-1A38-4FB5-BEEA-1E34D8E3424D}.Debug|Any CPU.ActiveCfg = Debug|Any CPU
		{FFD9A4C4-1A38-4FB5-BEEA-1E34D8E3424D}.Debug|Any CPU.Build.0 = Debug|Any CPU
		{FFD9A4C4-1A38-4FB5-BEEA-1E34D8E3424D}.Release|Any CPU.ActiveCfg = Release|Any CPU
		{FFD9A4C4-1A38-4FB5-BEEA-1E34D8E3424D}.Release|Any CPU.Build.0 = Release|Any CPU
		{E510BBA8-BE1B-4A2D-9A44-5928E0D89AC0}.Debug|Any CPU.ActiveCfg = Debug|Any CPU
		{E510BBA8-BE1B-4A2D-9A44-5928E0D89AC0}.Debug|Any CPU.Build.0 = Debug|Any CPU
		{E510BBA8-BE1B-4A2D-9A44-5928E0D89AC0}.Release|Any CPU.ActiveCfg = Release|Any CPU
		{E510BBA8-BE1B-4A2D-9A44-5928E0D89AC0}.Release|Any CPU.Build.0 = Release|Any CPU
		{AFE8EC1A-4EEF-40E1-B89C-4F07CAFE666F}.Debug|Any CPU.ActiveCfg = Debug|Any CPU
		{AFE8EC1A-4EEF-40E1-B89C-4F07CAFE666F}.Debug|Any CPU.Build.0 = Debug|Any CPU
		{AFE8EC1A-4EEF-40E1-B89C-4F07CAFE666F}.Release|Any CPU.ActiveCfg = Release|Any CPU
		{AFE8EC1A-4EEF-40E1-B89C-4F07CAFE666F}.Release|Any CPU.Build.0 = Release|Any CPU
		{16ECAB8D-D55F-48C1-91DC-6E817076F694}.Debug|Any CPU.ActiveCfg = Debug|Any CPU
		{16ECAB8D-D55F-48C1-91DC-6E817076F694}.Debug|Any CPU.Build.0 = Debug|Any CPU
		{16ECAB8D-D55F-48C1-91DC-6E817076F694}.Release|Any CPU.ActiveCfg = Release|Any CPU
		{16ECAB8D-D55F-48C1-91DC-6E817076F694}.Release|Any CPU.Build.0 = Release|Any CPU
		{70F67902-1FBF-4E9B-AC25-E37BBEAD3D0B}.Debug|Any CPU.ActiveCfg = Debug|Any CPU
		{70F67902-1FBF-4E9B-AC25-E37BBEAD3D0B}.Debug|Any CPU.Build.0 = Debug|Any CPU
		{70F67902-1FBF-4E9B-AC25-E37BBEAD3D0B}.Release|Any CPU.ActiveCfg = Release|Any CPU
		{70F67902-1FBF-4E9B-AC25-E37BBEAD3D0B}.Release|Any CPU.Build.0 = Release|Any CPU
		{5BD390A6-3DEA-4E44-A8FD-0942F6B4E188}.Debug|Any CPU.ActiveCfg = Debug|Any CPU
		{5BD390A6-3DEA-4E44-A8FD-0942F6B4E188}.Debug|Any CPU.Build.0 = Debug|Any CPU
		{5BD390A6-3DEA-4E44-A8FD-0942F6B4E188}.Release|Any CPU.ActiveCfg = Release|Any CPU
		{5BD390A6-3DEA-4E44-A8FD-0942F6B4E188}.Release|Any CPU.Build.0 = Release|Any CPU
	EndGlobalSection
	GlobalSection(SolutionProperties) = preSolution
		HideSolutionNode = FALSE
	EndGlobalSection
	GlobalSection(ExtensibilityGlobals) = postSolution
		RootNamespace = Hexa.Core
		IsWCSFSolutionWAP = True
		IsWCSFSolution = True
		EnterpriseLibraryConfigurationToolBinariesPath = packages\Unity.2.1.505.2\lib\NET35
	EndGlobalSection
	GlobalSection(MonoDevelopProperties) = preSolution
		StartupItem = Hexa.Core\Hexa.Core.csproj
	EndGlobalSection
EndGlobal
