
Microsoft Visual Studio Solution File, Format Version 12.00
# Visual Studio 2012
Project("{2150E333-8FDC-42A3-9474-1A3956D46DE8}") = "Licenses", "Licenses", "{AB2FC350-3CC5-4122-AE8D-FAD9A5E5F108}"
	ProjectSection(SolutionItems) = preProject
		licenses\license.txt = licenses\license.txt
		licenses\log4net.license.txt = licenses\log4net.license.txt
		licenses\Microsoft.Public.license.txt = licenses\Microsoft.Public.license.txt
	EndProjectSection
EndProject
Project("{FAE04EC0-301F-11D3-BF4B-00C04F79EFBC}") = "Hexa.Core", "Hexa.Core\Hexa.Core.csproj", "{F25CB899-7469-4870-82C8-939989F60322}"
EndProject
Project("{FAE04EC0-301F-11D3-BF4B-00C04F79EFBC}") = "Hexa.Core.Tests", "Hexa.Core.Tests\Hexa.Core.Tests.csproj", "{FFD9A4C4-1A38-4FB5-BEEA-1E34D8E3424D}"
EndProject
Project("{FAE04EC0-301F-11D3-BF4B-00C04F79EFBC}") = "Hexa.Core.NHibernate", "Hexa.Core.NHibernate\Hexa.Core.NHibernate.csproj", "{E510BBA8-BE1B-4A2D-9A44-5928E0D89AC0}"
EndProject
Project("{FAE04EC0-301F-11D3-BF4B-00C04F79EFBC}") = "Hexa.Core.RavenDb", "Hexa.Core.RavenDb\Hexa.Core.RavenDb.csproj", "{AFE8EC1A-4EEF-40E1-B89C-4F07CAFE666F}"
EndProject
Project("{2150E333-8FDC-42A3-9474-1A3956D46DE8}") = ".nuget", ".nuget", "{F9E5E5B9-F774-4B14-9FF0-7064C42EB3E5}"
	ProjectSection(SolutionItems) = preProject
		.nuget\Hexa.Core.NHibernate.nuspec = .nuget\Hexa.Core.NHibernate.nuspec
		.nuget\Hexa.Core.nuspec = .nuget\Hexa.Core.nuspec
		.nuget\Hexa.Core.Web.Mvc.nuspec = .nuget\Hexa.Core.Web.Mvc.nuspec
		.nuget\NuGet.Config = .nuget\NuGet.Config
		.nuget\NuGet.exe = .nuget\NuGet.exe
		.nuget\NuGet.targets = .nuget\NuGet.targets
	EndProjectSection
EndProject
Project("{2150E333-8FDC-42A3-9474-1A3956D46DE8}") = "Help", "Help", "{AD4DCD33-C941-4CC7-9AF5-95A488406A6A}"
	ProjectSection(SolutionItems) = preProject
		Doxyfile = Doxyfile
		README = README
	EndProjectSection
EndProject
Project("{2150E333-8FDC-42A3-9474-1A3956D46DE8}") = "Build", "Build", "{3A9610A4-49FC-482B-84DC-18D72B1A5CD8}"
	ProjectSection(SolutionItems) = preProject
		Build.bat = Build.bat
		Build.msbuild = Build.msbuild
		msbuild.targets\CodeAnalysisDictionary.xml = msbuild.targets\CodeAnalysisDictionary.xml
		msbuild.targets\CodeMetrics.targets = msbuild.targets\CodeMetrics.targets
		CommonAssemblyInfo.cs = CommonAssemblyInfo.cs
		msbuild.targets\CopyFirebird.targets = msbuild.targets\CopyFirebird.targets
		Hexa.Core.snk = Hexa.Core.snk
		msbuild.targets\NUnit.targets = msbuild.targets\NUnit.targets
		msbuild.targets\Settings.StyleCop = msbuild.targets\Settings.StyleCop
	EndProjectSection
EndProject
Project("{FAE04EC0-301F-11D3-BF4B-00C04F79EFBC}") = "Hexa.Core.Windows", "Hexa.Core.Windows\Hexa.Core.Windows.csproj", "{12402808-6B76-4482-8624-7DF28B388EE7}"
EndProject
Project("{FAE04EC0-301F-11D3-BF4B-00C04F79EFBC}") = "Hexa.Core.Web.Mvc", "Hexa.Core.Web.Mvc\Hexa.Core.Web.Mvc.csproj", "{16ECAB8D-D55F-48C1-91DC-6E817076F694}"
EndProject
Project("{FAE04EC0-301F-11D3-BF4B-00C04F79EFBC}") = "Hexa.Core.EntityFramework", "..\..\..\..\Dev\Hexa.Core\Hexa.Core.EntityFramework\Hexa.Core.EntityFramework.csproj", "{70F67902-1FBF-4E9B-AC25-E37BBEAD3D0B}"
EndProject
Global
	GlobalSection(SolutionConfigurationPlatforms) = preSolution
		Debug (Mono)|Any CPU = Debug (Mono)|Any CPU
		Debug (Mono)|x64 = Debug (Mono)|x64
		Debug (Mono)|x86 = Debug (Mono)|x86
		Debug|Any CPU = Debug|Any CPU
		Debug|x64 = Debug|x64
		Debug|x86 = Debug|x86
		Release (Mono)|Any CPU = Release (Mono)|Any CPU
		Release (Mono)|x64 = Release (Mono)|x64
		Release (Mono)|x86 = Release (Mono)|x86
		Release|Any CPU = Release|Any CPU
		Release|x64 = Release|x64
		Release|x86 = Release|x86
	EndGlobalSection
	GlobalSection(ProjectConfigurationPlatforms) = postSolution
		{F25CB899-7469-4870-82C8-939989F60322}.Debug (Mono)|Any CPU.ActiveCfg = Debug (Mono)|Any CPU
		{F25CB899-7469-4870-82C8-939989F60322}.Debug (Mono)|Any CPU.Build.0 = Debug (Mono)|Any CPU
		{F25CB899-7469-4870-82C8-939989F60322}.Debug (Mono)|x64.ActiveCfg = Debug (Mono)|x64
		{F25CB899-7469-4870-82C8-939989F60322}.Debug (Mono)|x64.Build.0 = Debug (Mono)|x64
		{F25CB899-7469-4870-82C8-939989F60322}.Debug (Mono)|x86.ActiveCfg = Debug (Mono)|x86
		{F25CB899-7469-4870-82C8-939989F60322}.Debug (Mono)|x86.Build.0 = Debug (Mono)|x86
		{F25CB899-7469-4870-82C8-939989F60322}.Debug|Any CPU.ActiveCfg = Debug|Any CPU
		{F25CB899-7469-4870-82C8-939989F60322}.Debug|Any CPU.Build.0 = Debug|Any CPU
		{F25CB899-7469-4870-82C8-939989F60322}.Debug|x64.ActiveCfg = Debug|x64
		{F25CB899-7469-4870-82C8-939989F60322}.Debug|x64.Build.0 = Debug|x64
		{F25CB899-7469-4870-82C8-939989F60322}.Debug|x86.ActiveCfg = Debug|x86
		{F25CB899-7469-4870-82C8-939989F60322}.Debug|x86.Build.0 = Debug|x86
		{F25CB899-7469-4870-82C8-939989F60322}.Release (Mono)|Any CPU.ActiveCfg = Release (Mono)|Any CPU
		{F25CB899-7469-4870-82C8-939989F60322}.Release (Mono)|Any CPU.Build.0 = Release (Mono)|Any CPU
		{F25CB899-7469-4870-82C8-939989F60322}.Release (Mono)|x64.ActiveCfg = Release (Mono)|x64
		{F25CB899-7469-4870-82C8-939989F60322}.Release (Mono)|x64.Build.0 = Release (Mono)|x64
		{F25CB899-7469-4870-82C8-939989F60322}.Release (Mono)|x86.ActiveCfg = Release (Mono)|x86
		{F25CB899-7469-4870-82C8-939989F60322}.Release (Mono)|x86.Build.0 = Release (Mono)|x86
		{F25CB899-7469-4870-82C8-939989F60322}.Release|Any CPU.ActiveCfg = Release|Any CPU
		{F25CB899-7469-4870-82C8-939989F60322}.Release|Any CPU.Build.0 = Release|Any CPU
		{F25CB899-7469-4870-82C8-939989F60322}.Release|x64.ActiveCfg = Release|x64
		{F25CB899-7469-4870-82C8-939989F60322}.Release|x64.Build.0 = Release|x64
		{F25CB899-7469-4870-82C8-939989F60322}.Release|x86.ActiveCfg = Release|x86
		{F25CB899-7469-4870-82C8-939989F60322}.Release|x86.Build.0 = Release|x86
		{FFD9A4C4-1A38-4FB5-BEEA-1E34D8E3424D}.Debug (Mono)|Any CPU.ActiveCfg = Debug (Mono)|Any CPU
		{FFD9A4C4-1A38-4FB5-BEEA-1E34D8E3424D}.Debug (Mono)|Any CPU.Build.0 = Debug (Mono)|Any CPU
		{FFD9A4C4-1A38-4FB5-BEEA-1E34D8E3424D}.Debug (Mono)|x64.ActiveCfg = Debug (Mono)|x64
		{FFD9A4C4-1A38-4FB5-BEEA-1E34D8E3424D}.Debug (Mono)|x64.Build.0 = Debug (Mono)|x64
		{FFD9A4C4-1A38-4FB5-BEEA-1E34D8E3424D}.Debug (Mono)|x86.ActiveCfg = Debug (Mono)|x86
		{FFD9A4C4-1A38-4FB5-BEEA-1E34D8E3424D}.Debug (Mono)|x86.Build.0 = Debug (Mono)|x86
		{FFD9A4C4-1A38-4FB5-BEEA-1E34D8E3424D}.Debug|Any CPU.ActiveCfg = Debug|Any CPU
		{FFD9A4C4-1A38-4FB5-BEEA-1E34D8E3424D}.Debug|Any CPU.Build.0 = Debug|Any CPU
		{FFD9A4C4-1A38-4FB5-BEEA-1E34D8E3424D}.Debug|x64.ActiveCfg = Debug|x64
		{FFD9A4C4-1A38-4FB5-BEEA-1E34D8E3424D}.Debug|x64.Build.0 = Debug|x64
		{FFD9A4C4-1A38-4FB5-BEEA-1E34D8E3424D}.Debug|x86.ActiveCfg = Debug|x86
		{FFD9A4C4-1A38-4FB5-BEEA-1E34D8E3424D}.Debug|x86.Build.0 = Debug|x86
		{FFD9A4C4-1A38-4FB5-BEEA-1E34D8E3424D}.Release (Mono)|Any CPU.ActiveCfg = Release (Mono)|Any CPU
		{FFD9A4C4-1A38-4FB5-BEEA-1E34D8E3424D}.Release (Mono)|Any CPU.Build.0 = Release (Mono)|Any CPU
		{FFD9A4C4-1A38-4FB5-BEEA-1E34D8E3424D}.Release (Mono)|x64.ActiveCfg = Release (Mono)|x64
		{FFD9A4C4-1A38-4FB5-BEEA-1E34D8E3424D}.Release (Mono)|x64.Build.0 = Release (Mono)|x64
		{FFD9A4C4-1A38-4FB5-BEEA-1E34D8E3424D}.Release (Mono)|x86.ActiveCfg = Release (Mono)|x86
		{FFD9A4C4-1A38-4FB5-BEEA-1E34D8E3424D}.Release (Mono)|x86.Build.0 = Release (Mono)|x86
		{FFD9A4C4-1A38-4FB5-BEEA-1E34D8E3424D}.Release|Any CPU.ActiveCfg = Release|Any CPU
		{FFD9A4C4-1A38-4FB5-BEEA-1E34D8E3424D}.Release|Any CPU.Build.0 = Release|Any CPU
		{FFD9A4C4-1A38-4FB5-BEEA-1E34D8E3424D}.Release|x64.ActiveCfg = Release|x64
		{FFD9A4C4-1A38-4FB5-BEEA-1E34D8E3424D}.Release|x64.Build.0 = Release|x64
		{FFD9A4C4-1A38-4FB5-BEEA-1E34D8E3424D}.Release|x86.ActiveCfg = Release|x86
		{FFD9A4C4-1A38-4FB5-BEEA-1E34D8E3424D}.Release|x86.Build.0 = Release|x86
		{E510BBA8-BE1B-4A2D-9A44-5928E0D89AC0}.Debug (Mono)|Any CPU.ActiveCfg = Debug (Mono)|Any CPU
		{E510BBA8-BE1B-4A2D-9A44-5928E0D89AC0}.Debug (Mono)|Any CPU.Build.0 = Debug (Mono)|Any CPU
		{E510BBA8-BE1B-4A2D-9A44-5928E0D89AC0}.Debug (Mono)|x64.ActiveCfg = Debug (Mono)|x64
		{E510BBA8-BE1B-4A2D-9A44-5928E0D89AC0}.Debug (Mono)|x64.Build.0 = Debug (Mono)|x64
		{E510BBA8-BE1B-4A2D-9A44-5928E0D89AC0}.Debug (Mono)|x86.ActiveCfg = Debug (Mono)|x86
		{E510BBA8-BE1B-4A2D-9A44-5928E0D89AC0}.Debug (Mono)|x86.Build.0 = Debug (Mono)|x86
		{E510BBA8-BE1B-4A2D-9A44-5928E0D89AC0}.Debug|Any CPU.ActiveCfg = Debug|Any CPU
		{E510BBA8-BE1B-4A2D-9A44-5928E0D89AC0}.Debug|Any CPU.Build.0 = Debug|Any CPU
		{E510BBA8-BE1B-4A2D-9A44-5928E0D89AC0}.Debug|x64.ActiveCfg = Debug|x64
		{E510BBA8-BE1B-4A2D-9A44-5928E0D89AC0}.Debug|x64.Build.0 = Debug|x64
		{E510BBA8-BE1B-4A2D-9A44-5928E0D89AC0}.Debug|x86.ActiveCfg = Debug|x86
		{E510BBA8-BE1B-4A2D-9A44-5928E0D89AC0}.Debug|x86.Build.0 = Debug|x86
		{E510BBA8-BE1B-4A2D-9A44-5928E0D89AC0}.Release (Mono)|Any CPU.ActiveCfg = Release (Mono)|Any CPU
		{E510BBA8-BE1B-4A2D-9A44-5928E0D89AC0}.Release (Mono)|Any CPU.Build.0 = Release (Mono)|Any CPU
		{E510BBA8-BE1B-4A2D-9A44-5928E0D89AC0}.Release (Mono)|x64.ActiveCfg = Release (Mono)|x64
		{E510BBA8-BE1B-4A2D-9A44-5928E0D89AC0}.Release (Mono)|x64.Build.0 = Release (Mono)|x64
		{E510BBA8-BE1B-4A2D-9A44-5928E0D89AC0}.Release (Mono)|x86.ActiveCfg = Release (Mono)|x86
		{E510BBA8-BE1B-4A2D-9A44-5928E0D89AC0}.Release (Mono)|x86.Build.0 = Release (Mono)|x86
		{E510BBA8-BE1B-4A2D-9A44-5928E0D89AC0}.Release|Any CPU.ActiveCfg = Release|Any CPU
		{E510BBA8-BE1B-4A2D-9A44-5928E0D89AC0}.Release|Any CPU.Build.0 = Release|Any CPU
		{E510BBA8-BE1B-4A2D-9A44-5928E0D89AC0}.Release|x64.ActiveCfg = Release|x64
		{E510BBA8-BE1B-4A2D-9A44-5928E0D89AC0}.Release|x64.Build.0 = Release|x64
		{E510BBA8-BE1B-4A2D-9A44-5928E0D89AC0}.Release|x86.ActiveCfg = Release|x86
		{E510BBA8-BE1B-4A2D-9A44-5928E0D89AC0}.Release|x86.Build.0 = Release|x86
		{AFE8EC1A-4EEF-40E1-B89C-4F07CAFE666F}.Debug (Mono)|Any CPU.ActiveCfg = Debug (Mono)|Any CPU
		{AFE8EC1A-4EEF-40E1-B89C-4F07CAFE666F}.Debug (Mono)|Any CPU.Build.0 = Debug (Mono)|Any CPU
		{AFE8EC1A-4EEF-40E1-B89C-4F07CAFE666F}.Debug (Mono)|x64.ActiveCfg = Debug (Mono)|x64
		{AFE8EC1A-4EEF-40E1-B89C-4F07CAFE666F}.Debug (Mono)|x64.Build.0 = Debug (Mono)|x64
		{AFE8EC1A-4EEF-40E1-B89C-4F07CAFE666F}.Debug (Mono)|x86.ActiveCfg = Debug (Mono)|x86
		{AFE8EC1A-4EEF-40E1-B89C-4F07CAFE666F}.Debug (Mono)|x86.Build.0 = Debug (Mono)|x86
		{AFE8EC1A-4EEF-40E1-B89C-4F07CAFE666F}.Debug|Any CPU.ActiveCfg = Debug|Any CPU
		{AFE8EC1A-4EEF-40E1-B89C-4F07CAFE666F}.Debug|Any CPU.Build.0 = Debug|Any CPU
		{AFE8EC1A-4EEF-40E1-B89C-4F07CAFE666F}.Debug|x64.ActiveCfg = Debug|x64
		{AFE8EC1A-4EEF-40E1-B89C-4F07CAFE666F}.Debug|x64.Build.0 = Debug|x64
		{AFE8EC1A-4EEF-40E1-B89C-4F07CAFE666F}.Debug|x86.ActiveCfg = Debug|x86
		{AFE8EC1A-4EEF-40E1-B89C-4F07CAFE666F}.Debug|x86.Build.0 = Debug|x86
		{AFE8EC1A-4EEF-40E1-B89C-4F07CAFE666F}.Release (Mono)|Any CPU.ActiveCfg = Release (Mono)|Any CPU
		{AFE8EC1A-4EEF-40E1-B89C-4F07CAFE666F}.Release (Mono)|Any CPU.Build.0 = Release (Mono)|Any CPU
		{AFE8EC1A-4EEF-40E1-B89C-4F07CAFE666F}.Release (Mono)|x64.ActiveCfg = Release (Mono)|x64
		{AFE8EC1A-4EEF-40E1-B89C-4F07CAFE666F}.Release (Mono)|x64.Build.0 = Release (Mono)|x64
		{AFE8EC1A-4EEF-40E1-B89C-4F07CAFE666F}.Release (Mono)|x86.ActiveCfg = Release (Mono)|x86
		{AFE8EC1A-4EEF-40E1-B89C-4F07CAFE666F}.Release (Mono)|x86.Build.0 = Release (Mono)|x86
		{AFE8EC1A-4EEF-40E1-B89C-4F07CAFE666F}.Release|Any CPU.ActiveCfg = Release|Any CPU
		{AFE8EC1A-4EEF-40E1-B89C-4F07CAFE666F}.Release|Any CPU.Build.0 = Release|Any CPU
		{AFE8EC1A-4EEF-40E1-B89C-4F07CAFE666F}.Release|x64.ActiveCfg = Release|x64
		{AFE8EC1A-4EEF-40E1-B89C-4F07CAFE666F}.Release|x64.Build.0 = Release|x64
		{AFE8EC1A-4EEF-40E1-B89C-4F07CAFE666F}.Release|x86.ActiveCfg = Release|x86
		{AFE8EC1A-4EEF-40E1-B89C-4F07CAFE666F}.Release|x86.Build.0 = Release|x86
		{12402808-6B76-4482-8624-7DF28B388EE7}.Debug (Mono)|Any CPU.ActiveCfg = Debug|Any CPU
		{12402808-6B76-4482-8624-7DF28B388EE7}.Debug (Mono)|Any CPU.Build.0 = Debug|Any CPU
		{12402808-6B76-4482-8624-7DF28B388EE7}.Debug (Mono)|x64.ActiveCfg = Debug|Any CPU
		{12402808-6B76-4482-8624-7DF28B388EE7}.Debug (Mono)|x86.ActiveCfg = Debug|Any CPU
		{12402808-6B76-4482-8624-7DF28B388EE7}.Debug|Any CPU.ActiveCfg = Debug|Any CPU
		{12402808-6B76-4482-8624-7DF28B388EE7}.Debug|Any CPU.Build.0 = Debug|Any CPU
		{12402808-6B76-4482-8624-7DF28B388EE7}.Debug|x64.ActiveCfg = Debug|Any CPU
		{12402808-6B76-4482-8624-7DF28B388EE7}.Debug|x86.ActiveCfg = Debug|Any CPU
		{12402808-6B76-4482-8624-7DF28B388EE7}.Release (Mono)|Any CPU.ActiveCfg = Release|Any CPU
		{12402808-6B76-4482-8624-7DF28B388EE7}.Release (Mono)|Any CPU.Build.0 = Release|Any CPU
		{12402808-6B76-4482-8624-7DF28B388EE7}.Release (Mono)|x64.ActiveCfg = Release|Any CPU
		{12402808-6B76-4482-8624-7DF28B388EE7}.Release (Mono)|x86.ActiveCfg = Release|Any CPU
		{12402808-6B76-4482-8624-7DF28B388EE7}.Release|Any CPU.ActiveCfg = Release|Any CPU
		{12402808-6B76-4482-8624-7DF28B388EE7}.Release|Any CPU.Build.0 = Release|Any CPU
		{12402808-6B76-4482-8624-7DF28B388EE7}.Release|x64.ActiveCfg = Release|Any CPU
		{12402808-6B76-4482-8624-7DF28B388EE7}.Release|x86.ActiveCfg = Release|Any CPU
		{16ECAB8D-D55F-48C1-91DC-6E817076F694}.Debug (Mono)|Any CPU.ActiveCfg = Debug|Any CPU
		{16ECAB8D-D55F-48C1-91DC-6E817076F694}.Debug (Mono)|Any CPU.Build.0 = Debug|Any CPU
		{16ECAB8D-D55F-48C1-91DC-6E817076F694}.Debug (Mono)|x64.ActiveCfg = Debug|Any CPU
		{16ECAB8D-D55F-48C1-91DC-6E817076F694}.Debug (Mono)|x86.ActiveCfg = Debug|Any CPU
		{16ECAB8D-D55F-48C1-91DC-6E817076F694}.Debug|Any CPU.ActiveCfg = Debug|Any CPU
		{16ECAB8D-D55F-48C1-91DC-6E817076F694}.Debug|Any CPU.Build.0 = Debug|Any CPU
		{16ECAB8D-D55F-48C1-91DC-6E817076F694}.Debug|x64.ActiveCfg = Debug|Any CPU
		{16ECAB8D-D55F-48C1-91DC-6E817076F694}.Debug|x86.ActiveCfg = Debug|Any CPU
		{16ECAB8D-D55F-48C1-91DC-6E817076F694}.Release (Mono)|Any CPU.ActiveCfg = Release|Any CPU
		{16ECAB8D-D55F-48C1-91DC-6E817076F694}.Release (Mono)|Any CPU.Build.0 = Release|Any CPU
		{16ECAB8D-D55F-48C1-91DC-6E817076F694}.Release (Mono)|x64.ActiveCfg = Release|Any CPU
		{16ECAB8D-D55F-48C1-91DC-6E817076F694}.Release (Mono)|x86.ActiveCfg = Release|Any CPU
		{16ECAB8D-D55F-48C1-91DC-6E817076F694}.Release|Any CPU.ActiveCfg = Release|Any CPU
		{16ECAB8D-D55F-48C1-91DC-6E817076F694}.Release|Any CPU.Build.0 = Release|Any CPU
		{16ECAB8D-D55F-48C1-91DC-6E817076F694}.Release|x64.ActiveCfg = Release|Any CPU
		{16ECAB8D-D55F-48C1-91DC-6E817076F694}.Release|x86.ActiveCfg = Release|Any CPU
		{70F67902-1FBF-4E9B-AC25-E37BBEAD3D0B}.Debug (Mono)|Any CPU.ActiveCfg = Debug (Mono)|Any CPU
		{70F67902-1FBF-4E9B-AC25-E37BBEAD3D0B}.Debug (Mono)|Any CPU.Build.0 = Debug (Mono)|Any CPU
		{70F67902-1FBF-4E9B-AC25-E37BBEAD3D0B}.Debug (Mono)|x64.ActiveCfg = Debug (Mono)|Any CPU
		{70F67902-1FBF-4E9B-AC25-E37BBEAD3D0B}.Debug (Mono)|x86.ActiveCfg = Debug (Mono)|Any CPU
		{70F67902-1FBF-4E9B-AC25-E37BBEAD3D0B}.Debug|Any CPU.ActiveCfg = Debug|Any CPU
		{70F67902-1FBF-4E9B-AC25-E37BBEAD3D0B}.Debug|Any CPU.Build.0 = Debug|Any CPU
		{70F67902-1FBF-4E9B-AC25-E37BBEAD3D0B}.Debug|x64.ActiveCfg = Debug|Any CPU
		{70F67902-1FBF-4E9B-AC25-E37BBEAD3D0B}.Debug|x86.ActiveCfg = Debug|Any CPU
		{70F67902-1FBF-4E9B-AC25-E37BBEAD3D0B}.Release (Mono)|Any CPU.ActiveCfg = Release (Mono)|Any CPU
		{70F67902-1FBF-4E9B-AC25-E37BBEAD3D0B}.Release (Mono)|Any CPU.Build.0 = Release (Mono)|Any CPU
		{70F67902-1FBF-4E9B-AC25-E37BBEAD3D0B}.Release (Mono)|x64.ActiveCfg = Release (Mono)|Any CPU
		{70F67902-1FBF-4E9B-AC25-E37BBEAD3D0B}.Release (Mono)|x86.ActiveCfg = Release (Mono)|Any CPU
		{70F67902-1FBF-4E9B-AC25-E37BBEAD3D0B}.Release|Any CPU.ActiveCfg = Release|Any CPU
		{70F67902-1FBF-4E9B-AC25-E37BBEAD3D0B}.Release|Any CPU.Build.0 = Release|Any CPU
		{70F67902-1FBF-4E9B-AC25-E37BBEAD3D0B}.Release|x64.ActiveCfg = Release|Any CPU
		{70F67902-1FBF-4E9B-AC25-E37BBEAD3D0B}.Release|x86.ActiveCfg = Release|Any CPU
	EndGlobalSection
	GlobalSection(SolutionProperties) = preSolution
		HideSolutionNode = FALSE
	EndGlobalSection
	GlobalSection(ExtensibilityGlobals) = postSolution
		IsWCSFSolution = True
		IsWCSFSolutionWAP = True
		RootNamespace = Hexa.Core
	EndGlobalSection
	GlobalSection(MonoDevelopProperties) = preSolution
		StartupItem = Hexa.Core\Hexa.Core.csproj
	EndGlobalSection
EndGlobal
